// !$*UTF8*$!
{
	archiveVersion = 1;
	classes = {
	};
	objectVersion = 48;
	objects = {

/* Begin PBXBuildFile section */
		760E7EAB205FCC950025C825 /* MHPGuestListCell.swift in Sources */ = {isa = PBXBuildFile; fileRef = 760E7EAA205FCC950025C825 /* MHPGuestListCell.swift */; };
		760E7EAD2060658B0025C825 /* MHPItemListNeededCell.swift in Sources */ = {isa = PBXBuildFile; fileRef = 760E7EAC2060658B0025C825 /* MHPItemListNeededCell.swift */; };
		760E7EAF2060659E0025C825 /* MHPItemListPledgedCell.swift in Sources */ = {isa = PBXBuildFile; fileRef = 760E7EAE2060659E0025C825 /* MHPItemListPledgedCell.swift */; };
		761583D320EAA254003825AD /* MHPInviteContactsViewController.swift in Sources */ = {isa = PBXBuildFile; fileRef = 761583D220EAA254003825AD /* MHPInviteContactsViewController.swift */; };
		761583D520EAADF0003825AD /* MHPContactsCell.swift in Sources */ = {isa = PBXBuildFile; fileRef = 761583D420EAADF0003825AD /* MHPContactsCell.swift */; };
		761583D720EAAE04003825AD /* MHPContactsCell.xib in Resources */ = {isa = PBXBuildFile; fileRef = 761583D620EAAE04003825AD /* MHPContactsCell.xib */; };
		761583D920ED2E11003825AD /* CNContact+TableViewCompatible.swift in Sources */ = {isa = PBXBuildFile; fileRef = 761583D820ED2E11003825AD /* CNContact+TableViewCompatible.swift */; };
		764638D520D6EF6D00C554A1 /* MHPDataManager.swift in Sources */ = {isa = PBXBuildFile; fileRef = 764638D420D6EF6D00C554A1 /* MHPDataManager.swift */; };
		764638D720D6EFB700C554A1 /* NetworkingEnums.swift in Sources */ = {isa = PBXBuildFile; fileRef = 764638D620D6EFB700C554A1 /* NetworkingEnums.swift */; };
		764638D920D88B1B00C554A1 /* MHPServiceRouter.swift in Sources */ = {isa = PBXBuildFile; fileRef = 764638D820D88B1B00C554A1 /* MHPServiceRouter.swift */; };
		764638DB20D9C25C00C554A1 /* MHPParser.swift in Sources */ = {isa = PBXBuildFile; fileRef = 764638DA20D9C25C00C554A1 /* MHPParser.swift */; };
		764D1A4C20DFCED20032D982 /* MHPCreateEventCell.swift in Sources */ = {isa = PBXBuildFile; fileRef = 764D1A4B20DFCED20032D982 /* MHPCreateEventCell.swift */; };
		764D1A4E20E0D6E60032D982 /* MHPLocationSearchViewController.swift in Sources */ = {isa = PBXBuildFile; fileRef = 764D1A4D20E0D6E60032D982 /* MHPLocationSearchViewController.swift */; };
		764D1A5020E38D5F0032D982 /* MHPCreateEvent2InvitesViewController.swift in Sources */ = {isa = PBXBuildFile; fileRef = 764D1A4F20E38D5F0032D982 /* MHPCreateEvent2InvitesViewController.swift */; };
		764D1A5220E3B8FF0032D982 /* MHPCreateEventInvitesCell.swift in Sources */ = {isa = PBXBuildFile; fileRef = 764D1A5120E3B8FF0032D982 /* MHPCreateEventInvitesCell.swift */; };
		764D1A5420E4CEF50032D982 /* MHPInviteEmptyStateCell.swift in Sources */ = {isa = PBXBuildFile; fileRef = 764D1A5320E4CEF50032D982 /* MHPInviteEmptyStateCell.swift */; };
		764D1A5620E4D0270032D982 /* UITableViewProtocols.swift in Sources */ = {isa = PBXBuildFile; fileRef = 764D1A5520E4D0270032D982 /* UITableViewProtocols.swift */; };
		764D1A5820E4D5820032D982 /* MHPInvite.swift in Sources */ = {isa = PBXBuildFile; fileRef = 764D1A5720E4D5820032D982 /* MHPInvite.swift */; };
		764D1A6220E4F9430032D982 /* MHPCreateEvent3ItemsViewController.swift in Sources */ = {isa = PBXBuildFile; fileRef = 764D1A6120E4F9430032D982 /* MHPCreateEvent3ItemsViewController.swift */; };
		764D1A6420E4F95C0032D982 /* MHPCreateEvent4RestrictionsViewController.swift in Sources */ = {isa = PBXBuildFile; fileRef = 764D1A6320E4F95C0032D982 /* MHPCreateEvent4RestrictionsViewController.swift */; };
		764D1A6620E4F96F0032D982 /* MHPCreateEvent5SaveAndSendViewController.swift in Sources */ = {isa = PBXBuildFile; fileRef = 764D1A6520E4F96F0032D982 /* MHPCreateEvent5SaveAndSendViewController.swift */; };
		765123BA2053538900E78488 /* AppDelegate.swift in Sources */ = {isa = PBXBuildFile; fileRef = 765123B92053538900E78488 /* AppDelegate.swift */; };
		765123BF2053538900E78488 /* Main.storyboard in Resources */ = {isa = PBXBuildFile; fileRef = 765123BD2053538900E78488 /* Main.storyboard */; };
		765123C22053538900E78488 /* Potluck.xcdatamodeld in Sources */ = {isa = PBXBuildFile; fileRef = 765123C02053538900E78488 /* Potluck.xcdatamodeld */; };
		765123C42053538900E78488 /* Assets.xcassets in Resources */ = {isa = PBXBuildFile; fileRef = 765123C32053538900E78488 /* Assets.xcassets */; };
		765123C72053538900E78488 /* LaunchScreen.storyboard in Resources */ = {isa = PBXBuildFile; fileRef = 765123C52053538900E78488 /* LaunchScreen.storyboard */; };
		765123D22053538900E78488 /* PotluckTests.swift in Sources */ = {isa = PBXBuildFile; fileRef = 765123D12053538900E78488 /* PotluckTests.swift */; };
		765123DE205355A800E78488 /* GoogleService-Info.plist in Resources */ = {isa = PBXBuildFile; fileRef = 765123DD205355A800E78488 /* GoogleService-Info.plist */; };
		765123E42055DDA400E78488 /* MHPHomeViewController.swift in Sources */ = {isa = PBXBuildFile; fileRef = 765123E32055DDA400E78488 /* MHPHomeViewController.swift */; };
		765123E62055DDB400E78488 /* MHPProfileViewController.swift in Sources */ = {isa = PBXBuildFile; fileRef = 765123E52055DDB400E78488 /* MHPProfileViewController.swift */; };
		765123E82055DDC100E78488 /* MHPSettingsViewController.swift in Sources */ = {isa = PBXBuildFile; fileRef = 765123E72055DDC100E78488 /* MHPSettingsViewController.swift */; };
		765123EA2055DDEB00E78488 /* MHPCreateEvent1DetailsViewController.swift in Sources */ = {isa = PBXBuildFile; fileRef = 765123E92055DDEB00E78488 /* MHPCreateEvent1DetailsViewController.swift */; };
		765123EC2055DDFC00E78488 /* MHPEventViewController.swift in Sources */ = {isa = PBXBuildFile; fileRef = 765123EB2055DDFC00E78488 /* MHPEventViewController.swift */; };
		765123F0205745DF00E78488 /* MHPHomeCarouselViewCell.swift in Sources */ = {isa = PBXBuildFile; fileRef = 765123EF205745DF00E78488 /* MHPHomeCarouselViewCell.swift */; };
		765123F920588DF200E78488 /* MHPEvent.swift in Sources */ = {isa = PBXBuildFile; fileRef = 765123F820588DF200E78488 /* MHPEvent.swift */; };
		765123FB20588E1300E78488 /* MHPPledgedItem.swift in Sources */ = {isa = PBXBuildFile; fileRef = 765123FA20588E1300E78488 /* MHPPledgedItem.swift */; };
		765123FD20588E2400E78488 /* MHPRsvp.swift in Sources */ = {isa = PBXBuildFile; fileRef = 765123FC20588E2400E78488 /* MHPRsvp.swift */; };
		765123FF20588F8800E78488 /* MHPUser.swift in Sources */ = {isa = PBXBuildFile; fileRef = 765123FE20588F8800E78488 /* MHPUser.swift */; };
		765124012058902000E78488 /* MHPEventPledgedItemList.swift in Sources */ = {isa = PBXBuildFile; fileRef = 765124002058902000E78488 /* MHPEventPledgedItemList.swift */; };
		765124032058903000E78488 /* MHPEventRsvpList.swift in Sources */ = {isa = PBXBuildFile; fileRef = 765124022058903000E78488 /* MHPEventRsvpList.swift */; };
		765124052058932200E78488 /* MHPUserEventList.swift in Sources */ = {isa = PBXBuildFile; fileRef = 765124042058932200E78488 /* MHPUserEventList.swift */; };
		7657AC2E205CC52800FE7833 /* UIViewControllerExtensions.swift in Sources */ = {isa = PBXBuildFile; fileRef = 7657AC2D205CC52800FE7833 /* UIViewControllerExtensions.swift */; };
		7657AC30205CD34100FE7833 /* SignUpLogin.storyboard in Resources */ = {isa = PBXBuildFile; fileRef = 7657AC2F205CD34100FE7833 /* SignUpLogin.storyboard */; };
		7657AC38205CFC8100FE7833 /* CreateEvent.storyboard in Resources */ = {isa = PBXBuildFile; fileRef = 7657AC37205CFC8100FE7833 /* CreateEvent.storyboard */; };
		7657AC3E205CFF3200FE7833 /* ViewEvent.storyboard in Resources */ = {isa = PBXBuildFile; fileRef = 7657AC3D205CFF3200FE7833 /* ViewEvent.storyboard */; };
		7657AC40205D053B00FE7833 /* MHPRSVPViewController.swift in Sources */ = {isa = PBXBuildFile; fileRef = 7657AC3F205D053B00FE7833 /* MHPRSVPViewController.swift */; };
		7657F43620D2F18D00C742C0 /* MHPRequestHandler.swift in Sources */ = {isa = PBXBuildFile; fileRef = 7657F43520D2F18D00C742C0 /* MHPRequestHandler.swift */; };
		765986F620F932D900F6A7B1 /* MHPSuggestedItemInfoPopoverViewController.swift in Sources */ = {isa = PBXBuildFile; fileRef = 765986F520F932D900F6A7B1 /* MHPSuggestedItemInfoPopoverViewController.swift */; };
		765986F820FA83F300F6A7B1 /* MHPModifyItemPopoverViewController.swift in Sources */ = {isa = PBXBuildFile; fileRef = 765986F720FA83F300F6A7B1 /* MHPModifyItemPopoverViewController.swift */; };
		76723D32205FB219004940DE /* MHPItemCardPledgingViewController.swift in Sources */ = {isa = PBXBuildFile; fileRef = 76723D31205FB219004940DE /* MHPItemCardPledgingViewController.swift */; };
		76723D34205FB226004940DE /* MHPItemCardViewingViewController.swift in Sources */ = {isa = PBXBuildFile; fileRef = 76723D33205FB226004940DE /* MHPItemCardViewingViewController.swift */; };
		76723D36205FB23D004940DE /* MHPGuestListViewController.swift in Sources */ = {isa = PBXBuildFile; fileRef = 76723D35205FB23D004940DE /* MHPGuestListViewController.swift */; };
		76723D38205FB246004940DE /* MHPItemListViewController.swift in Sources */ = {isa = PBXBuildFile; fileRef = 76723D37205FB246004940DE /* MHPItemListViewController.swift */; };
		767F637520B6F638007F3D10 /* UIColorExtensions.swift in Sources */ = {isa = PBXBuildFile; fileRef = 767F637420B6F638007F3D10 /* UIColorExtensions.swift */; };
		7691723420C061BA0092F6FE /* MHPFirestoreParserTests.swift in Sources */ = {isa = PBXBuildFile; fileRef = 7691723320C061BA0092F6FE /* MHPFirestoreParserTests.swift */; };
		76AD65D720F50C7000F349CF /* MHPRequestedItemsCell.swift in Sources */ = {isa = PBXBuildFile; fileRef = 76AD65D620F50C7000F349CF /* MHPRequestedItemsCell.swift */; };
		76AD65D920F50D4900F349CF /* MHPRequestedItem.swift in Sources */ = {isa = PBXBuildFile; fileRef = 76AD65D820F50D4900F349CF /* MHPRequestedItem.swift */; };
		76AD65DB20F54EC400F349CF /* MHPRequestedItemsCell.xib in Resources */ = {isa = PBXBuildFile; fileRef = 76AD65DA20F54EC400F349CF /* MHPRequestedItemsCell.xib */; };
		76C6B9482107CDB1006F88AA /* MHPRestrictionsDefinitionsPopoverViewController.swift in Sources */ = {isa = PBXBuildFile; fileRef = 76C6B9472107CDB1006F88AA /* MHPRestrictionsDefinitionsPopoverViewController.swift */; };
		76C6B94B210936B8006F88AA /* MHPRestrictionTagCell.swift in Sources */ = {isa = PBXBuildFile; fileRef = 76C6B949210936B8006F88AA /* MHPRestrictionTagCell.swift */; };
		76C6B94C210936B8006F88AA /* MHPRestrictionTagCell.xib in Resources */ = {isa = PBXBuildFile; fileRef = 76C6B94A210936B8006F88AA /* MHPRestrictionTagCell.xib */; };
		76C6B94E21093F7D006F88AA /* MHPEventRestriction.swift in Sources */ = {isa = PBXBuildFile; fileRef = 76C6B94D21093F7D006F88AA /* MHPEventRestriction.swift */; };
		76C6B952210BAE92006F88AA /* UIView+IBInspectable.swift in Sources */ = {isa = PBXBuildFile; fileRef = 76C6B951210BAE92006F88AA /* UIView+IBInspectable.swift */; };
		76D54A3120E51E2200349763 /* MHPInviteEmailOrPhoneViewController.swift in Sources */ = {isa = PBXBuildFile; fileRef = 76D54A3020E51E2200349763 /* MHPInviteEmailOrPhoneViewController.swift */; };
		76D54A3520E6980C00349763 /* MHPCreateEventInvitesCell.xib in Resources */ = {isa = PBXBuildFile; fileRef = 76D54A3420E6980C00349763 /* MHPCreateEventInvitesCell.xib */; };
		76D54A3720E8FD5500349763 /* DataTypeExtensions.swift in Sources */ = {isa = PBXBuildFile; fileRef = 76D54A3620E8FD5500349763 /* DataTypeExtensions.swift */; };
		76DF6B5F205A29C300028B3B /* Roboto-Regular.ttf in Resources */ = {isa = PBXBuildFile; fileRef = 76DF6B53205A29BA00028B3B /* Roboto-Regular.ttf */; };
		76DF6B60205A29C300028B3B /* Roboto-LightItalic.ttf in Resources */ = {isa = PBXBuildFile; fileRef = 76DF6B54205A29BB00028B3B /* Roboto-LightItalic.ttf */; };
		76DF6B61205A29C300028B3B /* Roboto-Thin.ttf in Resources */ = {isa = PBXBuildFile; fileRef = 76DF6B55205A29BC00028B3B /* Roboto-Thin.ttf */; };
		76DF6B62205A29C300028B3B /* Roboto-Bold.ttf in Resources */ = {isa = PBXBuildFile; fileRef = 76DF6B56205A29BC00028B3B /* Roboto-Bold.ttf */; };
		76DF6B63205A29C300028B3B /* Roboto-Light.ttf in Resources */ = {isa = PBXBuildFile; fileRef = 76DF6B57205A29BD00028B3B /* Roboto-Light.ttf */; };
		76DF6B64205A29C300028B3B /* Roboto-Italic.ttf in Resources */ = {isa = PBXBuildFile; fileRef = 76DF6B58205A29BE00028B3B /* Roboto-Italic.ttf */; };
		76DF6B65205A29C300028B3B /* Roboto-BoldItalic.ttf in Resources */ = {isa = PBXBuildFile; fileRef = 76DF6B59205A29BE00028B3B /* Roboto-BoldItalic.ttf */; };
		76DF6B66205A29C300028B3B /* Roboto-Black.ttf in Resources */ = {isa = PBXBuildFile; fileRef = 76DF6B5A205A29BF00028B3B /* Roboto-Black.ttf */; };
		76DF6B67205A29C300028B3B /* Roboto-Medium.ttf in Resources */ = {isa = PBXBuildFile; fileRef = 76DF6B5B205A29C000028B3B /* Roboto-Medium.ttf */; };
		76DF6B68205A29C300028B3B /* Roboto-ThinItalic.ttf in Resources */ = {isa = PBXBuildFile; fileRef = 76DF6B5C205A29C100028B3B /* Roboto-ThinItalic.ttf */; };
		76DF6B69205A29C300028B3B /* Roboto-BlackItalic.ttf in Resources */ = {isa = PBXBuildFile; fileRef = 76DF6B5D205A29C100028B3B /* Roboto-BlackItalic.ttf */; };
		76DF6B6A205A29C300028B3B /* Roboto-MediumItalic.ttf in Resources */ = {isa = PBXBuildFile; fileRef = 76DF6B5E205A29C200028B3B /* Roboto-MediumItalic.ttf */; };
		76DF6B71205B33E700028B3B /* MHPSignUpLoginChoiceViewController.swift in Sources */ = {isa = PBXBuildFile; fileRef = 76DF6B70205B33E700028B3B /* MHPSignUpLoginChoiceViewController.swift */; };
		76DF6B79205B35BD00028B3B /* MHPPersonalInfoViewController.swift in Sources */ = {isa = PBXBuildFile; fileRef = 76DF6B78205B35BD00028B3B /* MHPPersonalInfoViewController.swift */; };
		76DF6B7D205B35D000028B3B /* MHPConfirmationScreenViewController.swift in Sources */ = {isa = PBXBuildFile; fileRef = 76DF6B7C205B35D000028B3B /* MHPConfirmationScreenViewController.swift */; };
		C0F4A1D6FE33470A656CC328 /* Pods_PotluckTests.framework in Frameworks */ = {isa = PBXBuildFile; fileRef = 293B908DEC6B21F6727DE0AD /* Pods_PotluckTests.framework */; };
		DC0B364FD4DD527201273BEC /* Pods_Potluck.framework in Frameworks */ = {isa = PBXBuildFile; fileRef = 95F83A198136024582EE233F /* Pods_Potluck.framework */; };
/* End PBXBuildFile section */

/* Begin PBXContainerItemProxy section */
		765123CE2053538900E78488 /* PBXContainerItemProxy */ = {
			isa = PBXContainerItemProxy;
			containerPortal = 765123AE2053538900E78488 /* Project object */;
			proxyType = 1;
			remoteGlobalIDString = 765123B52053538900E78488;
			remoteInfo = Potluck;
		};
/* End PBXContainerItemProxy section */

/* Begin PBXFileReference section */
		293B908DEC6B21F6727DE0AD /* Pods_PotluckTests.framework */ = {isa = PBXFileReference; explicitFileType = wrapper.framework; includeInIndex = 0; path = Pods_PotluckTests.framework; sourceTree = BUILT_PRODUCTS_DIR; };
		422129C2E6E9BD54DA154C64 /* Pods-PotluckTests.release.xcconfig */ = {isa = PBXFileReference; includeInIndex = 1; lastKnownFileType = text.xcconfig; name = "Pods-PotluckTests.release.xcconfig"; path = "Pods/Target Support Files/Pods-PotluckTests/Pods-PotluckTests.release.xcconfig"; sourceTree = "<group>"; };
		5D36E773934847B70A318A7C /* Pods-PotluckTests.debug.xcconfig */ = {isa = PBXFileReference; includeInIndex = 1; lastKnownFileType = text.xcconfig; name = "Pods-PotluckTests.debug.xcconfig"; path = "Pods/Target Support Files/Pods-PotluckTests/Pods-PotluckTests.debug.xcconfig"; sourceTree = "<group>"; };
		760E7EAA205FCC950025C825 /* MHPGuestListCell.swift */ = {isa = PBXFileReference; lastKnownFileType = sourcecode.swift; path = MHPGuestListCell.swift; sourceTree = "<group>"; };
		760E7EAC2060658B0025C825 /* MHPItemListNeededCell.swift */ = {isa = PBXFileReference; lastKnownFileType = sourcecode.swift; path = MHPItemListNeededCell.swift; sourceTree = "<group>"; };
		760E7EAE2060659E0025C825 /* MHPItemListPledgedCell.swift */ = {isa = PBXFileReference; lastKnownFileType = sourcecode.swift; path = MHPItemListPledgedCell.swift; sourceTree = "<group>"; };
		761583D220EAA254003825AD /* MHPInviteContactsViewController.swift */ = {isa = PBXFileReference; lastKnownFileType = sourcecode.swift; path = MHPInviteContactsViewController.swift; sourceTree = "<group>"; };
		761583D420EAADF0003825AD /* MHPContactsCell.swift */ = {isa = PBXFileReference; lastKnownFileType = sourcecode.swift; path = MHPContactsCell.swift; sourceTree = "<group>"; };
		761583D620EAAE04003825AD /* MHPContactsCell.xib */ = {isa = PBXFileReference; lastKnownFileType = file.xib; path = MHPContactsCell.xib; sourceTree = "<group>"; };
		761583D820ED2E11003825AD /* CNContact+TableViewCompatible.swift */ = {isa = PBXFileReference; lastKnownFileType = sourcecode.swift; path = "CNContact+TableViewCompatible.swift"; sourceTree = "<group>"; };
		764638D420D6EF6D00C554A1 /* MHPDataManager.swift */ = {isa = PBXFileReference; lastKnownFileType = sourcecode.swift; path = MHPDataManager.swift; sourceTree = "<group>"; };
		764638D620D6EFB700C554A1 /* NetworkingEnums.swift */ = {isa = PBXFileReference; lastKnownFileType = sourcecode.swift; path = NetworkingEnums.swift; sourceTree = "<group>"; };
		764638D820D88B1B00C554A1 /* MHPServiceRouter.swift */ = {isa = PBXFileReference; lastKnownFileType = sourcecode.swift; path = MHPServiceRouter.swift; sourceTree = "<group>"; };
		764638DA20D9C25C00C554A1 /* MHPParser.swift */ = {isa = PBXFileReference; lastKnownFileType = sourcecode.swift; path = MHPParser.swift; sourceTree = "<group>"; };
		764D1A4B20DFCED20032D982 /* MHPCreateEventCell.swift */ = {isa = PBXFileReference; lastKnownFileType = sourcecode.swift; path = MHPCreateEventCell.swift; sourceTree = "<group>"; };
		764D1A4D20E0D6E60032D982 /* MHPLocationSearchViewController.swift */ = {isa = PBXFileReference; lastKnownFileType = sourcecode.swift; path = MHPLocationSearchViewController.swift; sourceTree = "<group>"; };
		764D1A4F20E38D5F0032D982 /* MHPCreateEvent2InvitesViewController.swift */ = {isa = PBXFileReference; lastKnownFileType = sourcecode.swift; path = MHPCreateEvent2InvitesViewController.swift; sourceTree = "<group>"; };
		764D1A5120E3B8FF0032D982 /* MHPCreateEventInvitesCell.swift */ = {isa = PBXFileReference; lastKnownFileType = sourcecode.swift; path = MHPCreateEventInvitesCell.swift; sourceTree = "<group>"; };
		764D1A5320E4CEF50032D982 /* MHPInviteEmptyStateCell.swift */ = {isa = PBXFileReference; lastKnownFileType = sourcecode.swift; path = MHPInviteEmptyStateCell.swift; sourceTree = "<group>"; };
		764D1A5520E4D0270032D982 /* UITableViewProtocols.swift */ = {isa = PBXFileReference; lastKnownFileType = sourcecode.swift; path = UITableViewProtocols.swift; sourceTree = "<group>"; };
		764D1A5720E4D5820032D982 /* MHPInvite.swift */ = {isa = PBXFileReference; lastKnownFileType = sourcecode.swift; path = MHPInvite.swift; sourceTree = "<group>"; };
		764D1A6120E4F9430032D982 /* MHPCreateEvent3ItemsViewController.swift */ = {isa = PBXFileReference; lastKnownFileType = sourcecode.swift; path = MHPCreateEvent3ItemsViewController.swift; sourceTree = "<group>"; };
		764D1A6320E4F95C0032D982 /* MHPCreateEvent4RestrictionsViewController.swift */ = {isa = PBXFileReference; lastKnownFileType = sourcecode.swift; path = MHPCreateEvent4RestrictionsViewController.swift; sourceTree = "<group>"; };
		764D1A6520E4F96F0032D982 /* MHPCreateEvent5SaveAndSendViewController.swift */ = {isa = PBXFileReference; lastKnownFileType = sourcecode.swift; path = MHPCreateEvent5SaveAndSendViewController.swift; sourceTree = "<group>"; };
		765123B62053538900E78488 /* Potluck.app */ = {isa = PBXFileReference; explicitFileType = wrapper.application; includeInIndex = 0; path = Potluck.app; sourceTree = BUILT_PRODUCTS_DIR; };
		765123B92053538900E78488 /* AppDelegate.swift */ = {isa = PBXFileReference; lastKnownFileType = sourcecode.swift; path = AppDelegate.swift; sourceTree = "<group>"; };
		765123BE2053538900E78488 /* Base */ = {isa = PBXFileReference; lastKnownFileType = file.storyboard; name = Base; path = Base.lproj/Main.storyboard; sourceTree = "<group>"; };
		765123C12053538900E78488 /* Potluck.xcdatamodel */ = {isa = PBXFileReference; lastKnownFileType = wrapper.xcdatamodel; path = Potluck.xcdatamodel; sourceTree = "<group>"; };
		765123C32053538900E78488 /* Assets.xcassets */ = {isa = PBXFileReference; lastKnownFileType = folder.assetcatalog; path = Assets.xcassets; sourceTree = "<group>"; };
		765123C62053538900E78488 /* Base */ = {isa = PBXFileReference; lastKnownFileType = file.storyboard; name = Base; path = Base.lproj/LaunchScreen.storyboard; sourceTree = "<group>"; };
		765123C82053538900E78488 /* Info.plist */ = {isa = PBXFileReference; lastKnownFileType = text.plist.xml; path = Info.plist; sourceTree = "<group>"; };
		765123CD2053538900E78488 /* PotluckTests.xctest */ = {isa = PBXFileReference; explicitFileType = wrapper.cfbundle; includeInIndex = 0; path = PotluckTests.xctest; sourceTree = BUILT_PRODUCTS_DIR; };
		765123D12053538900E78488 /* PotluckTests.swift */ = {isa = PBXFileReference; lastKnownFileType = sourcecode.swift; path = PotluckTests.swift; sourceTree = "<group>"; };
		765123D32053538900E78488 /* Info.plist */ = {isa = PBXFileReference; lastKnownFileType = text.plist.xml; path = Info.plist; sourceTree = "<group>"; };
		765123DC2053552A00E78488 /* Potluck.entitlements */ = {isa = PBXFileReference; lastKnownFileType = text.plist.entitlements; path = Potluck.entitlements; sourceTree = "<group>"; };
		765123DD205355A800E78488 /* GoogleService-Info.plist */ = {isa = PBXFileReference; fileEncoding = 4; lastKnownFileType = text.plist.xml; path = "GoogleService-Info.plist"; sourceTree = "<group>"; };
		765123E32055DDA400E78488 /* MHPHomeViewController.swift */ = {isa = PBXFileReference; lastKnownFileType = sourcecode.swift; path = MHPHomeViewController.swift; sourceTree = "<group>"; };
		765123E52055DDB400E78488 /* MHPProfileViewController.swift */ = {isa = PBXFileReference; lastKnownFileType = sourcecode.swift; path = MHPProfileViewController.swift; sourceTree = "<group>"; };
		765123E72055DDC100E78488 /* MHPSettingsViewController.swift */ = {isa = PBXFileReference; lastKnownFileType = sourcecode.swift; path = MHPSettingsViewController.swift; sourceTree = "<group>"; };
		765123E92055DDEB00E78488 /* MHPCreateEvent1DetailsViewController.swift */ = {isa = PBXFileReference; lastKnownFileType = sourcecode.swift; path = MHPCreateEvent1DetailsViewController.swift; sourceTree = "<group>"; };
		765123EB2055DDFC00E78488 /* MHPEventViewController.swift */ = {isa = PBXFileReference; lastKnownFileType = sourcecode.swift; path = MHPEventViewController.swift; sourceTree = "<group>"; };
		765123EF205745DF00E78488 /* MHPHomeCarouselViewCell.swift */ = {isa = PBXFileReference; lastKnownFileType = sourcecode.swift; path = MHPHomeCarouselViewCell.swift; sourceTree = "<group>"; };
		765123F820588DF200E78488 /* MHPEvent.swift */ = {isa = PBXFileReference; lastKnownFileType = sourcecode.swift; path = MHPEvent.swift; sourceTree = "<group>"; };
		765123FA20588E1300E78488 /* MHPPledgedItem.swift */ = {isa = PBXFileReference; lastKnownFileType = sourcecode.swift; path = MHPPledgedItem.swift; sourceTree = "<group>"; };
		765123FC20588E2400E78488 /* MHPRsvp.swift */ = {isa = PBXFileReference; lastKnownFileType = sourcecode.swift; path = MHPRsvp.swift; sourceTree = "<group>"; };
		765123FE20588F8800E78488 /* MHPUser.swift */ = {isa = PBXFileReference; lastKnownFileType = sourcecode.swift; path = MHPUser.swift; sourceTree = "<group>"; };
		765124002058902000E78488 /* MHPEventPledgedItemList.swift */ = {isa = PBXFileReference; lastKnownFileType = sourcecode.swift; path = MHPEventPledgedItemList.swift; sourceTree = "<group>"; };
		765124022058903000E78488 /* MHPEventRsvpList.swift */ = {isa = PBXFileReference; lastKnownFileType = sourcecode.swift; path = MHPEventRsvpList.swift; sourceTree = "<group>"; };
		765124042058932200E78488 /* MHPUserEventList.swift */ = {isa = PBXFileReference; lastKnownFileType = sourcecode.swift; path = MHPUserEventList.swift; sourceTree = "<group>"; };
		7657AC2D205CC52800FE7833 /* UIViewControllerExtensions.swift */ = {isa = PBXFileReference; lastKnownFileType = sourcecode.swift; path = UIViewControllerExtensions.swift; sourceTree = "<group>"; };
		7657AC2F205CD34100FE7833 /* SignUpLogin.storyboard */ = {isa = PBXFileReference; lastKnownFileType = file.storyboard; path = SignUpLogin.storyboard; sourceTree = "<group>"; };
		7657AC37205CFC8100FE7833 /* CreateEvent.storyboard */ = {isa = PBXFileReference; lastKnownFileType = file.storyboard; path = CreateEvent.storyboard; sourceTree = "<group>"; };
		7657AC3D205CFF3200FE7833 /* ViewEvent.storyboard */ = {isa = PBXFileReference; lastKnownFileType = file.storyboard; path = ViewEvent.storyboard; sourceTree = "<group>"; };
		7657AC3F205D053B00FE7833 /* MHPRSVPViewController.swift */ = {isa = PBXFileReference; lastKnownFileType = sourcecode.swift; path = MHPRSVPViewController.swift; sourceTree = "<group>"; };
		7657F43520D2F18D00C742C0 /* MHPRequestHandler.swift */ = {isa = PBXFileReference; lastKnownFileType = sourcecode.swift; path = MHPRequestHandler.swift; sourceTree = "<group>"; };
		765986F520F932D900F6A7B1 /* MHPSuggestedItemInfoPopoverViewController.swift */ = {isa = PBXFileReference; lastKnownFileType = sourcecode.swift; path = MHPSuggestedItemInfoPopoverViewController.swift; sourceTree = "<group>"; };
		765986F720FA83F300F6A7B1 /* MHPModifyItemPopoverViewController.swift */ = {isa = PBXFileReference; lastKnownFileType = sourcecode.swift; path = MHPModifyItemPopoverViewController.swift; sourceTree = "<group>"; };
		76723D31205FB219004940DE /* MHPItemCardPledgingViewController.swift */ = {isa = PBXFileReference; lastKnownFileType = sourcecode.swift; path = MHPItemCardPledgingViewController.swift; sourceTree = "<group>"; };
		76723D33205FB226004940DE /* MHPItemCardViewingViewController.swift */ = {isa = PBXFileReference; lastKnownFileType = sourcecode.swift; path = MHPItemCardViewingViewController.swift; sourceTree = "<group>"; };
		76723D35205FB23D004940DE /* MHPGuestListViewController.swift */ = {isa = PBXFileReference; lastKnownFileType = sourcecode.swift; path = MHPGuestListViewController.swift; sourceTree = "<group>"; };
		76723D37205FB246004940DE /* MHPItemListViewController.swift */ = {isa = PBXFileReference; lastKnownFileType = sourcecode.swift; path = MHPItemListViewController.swift; sourceTree = "<group>"; };
		767F637420B6F638007F3D10 /* UIColorExtensions.swift */ = {isa = PBXFileReference; lastKnownFileType = sourcecode.swift; path = UIColorExtensions.swift; sourceTree = "<group>"; };
		7691723320C061BA0092F6FE /* MHPFirestoreParserTests.swift */ = {isa = PBXFileReference; lastKnownFileType = sourcecode.swift; name = MHPFirestoreParserTests.swift; path = PotluckTests/NetworkingTests/MHPFirestoreParserTests.swift; sourceTree = SOURCE_ROOT; };
		76AD65D620F50C7000F349CF /* MHPRequestedItemsCell.swift */ = {isa = PBXFileReference; lastKnownFileType = sourcecode.swift; path = MHPRequestedItemsCell.swift; sourceTree = "<group>"; };
		76AD65D820F50D4900F349CF /* MHPRequestedItem.swift */ = {isa = PBXFileReference; fileEncoding = 4; lastKnownFileType = sourcecode.swift; path = MHPRequestedItem.swift; sourceTree = "<group>"; };
		76AD65DA20F54EC400F349CF /* MHPRequestedItemsCell.xib */ = {isa = PBXFileReference; lastKnownFileType = file.xib; path = MHPRequestedItemsCell.xib; sourceTree = "<group>"; };
		76C6B9472107CDB1006F88AA /* MHPRestrictionsDefinitionsPopoverViewController.swift */ = {isa = PBXFileReference; lastKnownFileType = sourcecode.swift; path = MHPRestrictionsDefinitionsPopoverViewController.swift; sourceTree = "<group>"; };
		76C6B949210936B8006F88AA /* MHPRestrictionTagCell.swift */ = {isa = PBXFileReference; lastKnownFileType = sourcecode.swift; path = MHPRestrictionTagCell.swift; sourceTree = "<group>"; };
		76C6B94A210936B8006F88AA /* MHPRestrictionTagCell.xib */ = {isa = PBXFileReference; lastKnownFileType = file.xib; path = MHPRestrictionTagCell.xib; sourceTree = "<group>"; };
		76C6B94D21093F7D006F88AA /* MHPEventRestriction.swift */ = {isa = PBXFileReference; lastKnownFileType = sourcecode.swift; path = MHPEventRestriction.swift; sourceTree = "<group>"; };
		76C6B951210BAE92006F88AA /* UIView+IBInspectable.swift */ = {isa = PBXFileReference; lastKnownFileType = sourcecode.swift; path = "UIView+IBInspectable.swift"; sourceTree = "<group>"; };
		76D54A3020E51E2200349763 /* MHPInviteEmailOrPhoneViewController.swift */ = {isa = PBXFileReference; lastKnownFileType = sourcecode.swift; path = MHPInviteEmailOrPhoneViewController.swift; sourceTree = "<group>"; };
		76D54A3420E6980C00349763 /* MHPCreateEventInvitesCell.xib */ = {isa = PBXFileReference; lastKnownFileType = file.xib; path = MHPCreateEventInvitesCell.xib; sourceTree = "<group>"; };
		76D54A3620E8FD5500349763 /* DataTypeExtensions.swift */ = {isa = PBXFileReference; lastKnownFileType = sourcecode.swift; path = DataTypeExtensions.swift; sourceTree = "<group>"; };
		76DF6B53205A29BA00028B3B /* Roboto-Regular.ttf */ = {isa = PBXFileReference; lastKnownFileType = file; path = "Roboto-Regular.ttf"; sourceTree = "<group>"; };
		76DF6B54205A29BB00028B3B /* Roboto-LightItalic.ttf */ = {isa = PBXFileReference; lastKnownFileType = file; path = "Roboto-LightItalic.ttf"; sourceTree = "<group>"; };
		76DF6B55205A29BC00028B3B /* Roboto-Thin.ttf */ = {isa = PBXFileReference; lastKnownFileType = file; path = "Roboto-Thin.ttf"; sourceTree = "<group>"; };
		76DF6B56205A29BC00028B3B /* Roboto-Bold.ttf */ = {isa = PBXFileReference; lastKnownFileType = file; path = "Roboto-Bold.ttf"; sourceTree = "<group>"; };
		76DF6B57205A29BD00028B3B /* Roboto-Light.ttf */ = {isa = PBXFileReference; lastKnownFileType = file; path = "Roboto-Light.ttf"; sourceTree = "<group>"; };
		76DF6B58205A29BE00028B3B /* Roboto-Italic.ttf */ = {isa = PBXFileReference; lastKnownFileType = file; path = "Roboto-Italic.ttf"; sourceTree = "<group>"; };
		76DF6B59205A29BE00028B3B /* Roboto-BoldItalic.ttf */ = {isa = PBXFileReference; lastKnownFileType = file; path = "Roboto-BoldItalic.ttf"; sourceTree = "<group>"; };
		76DF6B5A205A29BF00028B3B /* Roboto-Black.ttf */ = {isa = PBXFileReference; lastKnownFileType = file; path = "Roboto-Black.ttf"; sourceTree = "<group>"; };
		76DF6B5B205A29C000028B3B /* Roboto-Medium.ttf */ = {isa = PBXFileReference; lastKnownFileType = file; path = "Roboto-Medium.ttf"; sourceTree = "<group>"; };
		76DF6B5C205A29C100028B3B /* Roboto-ThinItalic.ttf */ = {isa = PBXFileReference; lastKnownFileType = file; path = "Roboto-ThinItalic.ttf"; sourceTree = "<group>"; };
		76DF6B5D205A29C100028B3B /* Roboto-BlackItalic.ttf */ = {isa = PBXFileReference; lastKnownFileType = file; path = "Roboto-BlackItalic.ttf"; sourceTree = "<group>"; };
		76DF6B5E205A29C200028B3B /* Roboto-MediumItalic.ttf */ = {isa = PBXFileReference; lastKnownFileType = file; path = "Roboto-MediumItalic.ttf"; sourceTree = "<group>"; };
		76DF6B70205B33E700028B3B /* MHPSignUpLoginChoiceViewController.swift */ = {isa = PBXFileReference; lastKnownFileType = sourcecode.swift; path = MHPSignUpLoginChoiceViewController.swift; sourceTree = "<group>"; };
		76DF6B78205B35BD00028B3B /* MHPPersonalInfoViewController.swift */ = {isa = PBXFileReference; lastKnownFileType = sourcecode.swift; path = MHPPersonalInfoViewController.swift; sourceTree = "<group>"; };
		76DF6B7C205B35D000028B3B /* MHPConfirmationScreenViewController.swift */ = {isa = PBXFileReference; lastKnownFileType = sourcecode.swift; path = MHPConfirmationScreenViewController.swift; sourceTree = "<group>"; };
		95F83A198136024582EE233F /* Pods_Potluck.framework */ = {isa = PBXFileReference; explicitFileType = wrapper.framework; includeInIndex = 0; path = Pods_Potluck.framework; sourceTree = BUILT_PRODUCTS_DIR; };
		A84138F347E4C4E3E274216C /* Pods-Potluck.release.xcconfig */ = {isa = PBXFileReference; includeInIndex = 1; lastKnownFileType = text.xcconfig; name = "Pods-Potluck.release.xcconfig"; path = "Pods/Target Support Files/Pods-Potluck/Pods-Potluck.release.xcconfig"; sourceTree = "<group>"; };
		F8CA402038BFF63EF4C379DF /* Pods-Potluck.debug.xcconfig */ = {isa = PBXFileReference; includeInIndex = 1; lastKnownFileType = text.xcconfig; name = "Pods-Potluck.debug.xcconfig"; path = "Pods/Target Support Files/Pods-Potluck/Pods-Potluck.debug.xcconfig"; sourceTree = "<group>"; };
/* End PBXFileReference section */

/* Begin PBXFrameworksBuildPhase section */
		765123B32053538900E78488 /* Frameworks */ = {
			isa = PBXFrameworksBuildPhase;
			buildActionMask = 2147483647;
			files = (
				DC0B364FD4DD527201273BEC /* Pods_Potluck.framework in Frameworks */,
			);
			runOnlyForDeploymentPostprocessing = 0;
		};
		765123CA2053538900E78488 /* Frameworks */ = {
			isa = PBXFrameworksBuildPhase;
			buildActionMask = 2147483647;
			files = (
				C0F4A1D6FE33470A656CC328 /* Pods_PotluckTests.framework in Frameworks */,
			);
			runOnlyForDeploymentPostprocessing = 0;
		};
/* End PBXFrameworksBuildPhase section */

/* Begin PBXGroup section */
		6DCC531646FECF8A7C32F86D /* Pods */ = {
			isa = PBXGroup;
			children = (
				F8CA402038BFF63EF4C379DF /* Pods-Potluck.debug.xcconfig */,
				A84138F347E4C4E3E274216C /* Pods-Potluck.release.xcconfig */,
				5D36E773934847B70A318A7C /* Pods-PotluckTests.debug.xcconfig */,
				422129C2E6E9BD54DA154C64 /* Pods-PotluckTests.release.xcconfig */,
			);
			name = Pods;
			sourceTree = "<group>";
		};
		764D1A5920E4E9C20032D982 /* CreateEvent1-Details */ = {
			isa = PBXGroup;
			children = (
				765123E92055DDEB00E78488 /* MHPCreateEvent1DetailsViewController.swift */,
				764D1A4D20E0D6E60032D982 /* MHPLocationSearchViewController.swift */,
			);
			path = "CreateEvent1-Details";
			sourceTree = "<group>";
		};
		764D1A5A20E4E9D50032D982 /* CreateEvent2-Invites */ = {
			isa = PBXGroup;
			children = (
				764D1A4F20E38D5F0032D982 /* MHPCreateEvent2InvitesViewController.swift */,
				764D1A5120E3B8FF0032D982 /* MHPCreateEventInvitesCell.swift */,
				76D54A3420E6980C00349763 /* MHPCreateEventInvitesCell.xib */,
				764D1A5320E4CEF50032D982 /* MHPInviteEmptyStateCell.swift */,
				76D54A3020E51E2200349763 /* MHPInviteEmailOrPhoneViewController.swift */,
				761583D220EAA254003825AD /* MHPInviteContactsViewController.swift */,
				761583D420EAADF0003825AD /* MHPContactsCell.swift */,
				761583D620EAAE04003825AD /* MHPContactsCell.xib */,
			);
			path = "CreateEvent2-Invites";
			sourceTree = "<group>";
		};
		764D1A5B20E4F8730032D982 /* ItemList */ = {
			isa = PBXGroup;
			children = (
				76723D37205FB246004940DE /* MHPItemListViewController.swift */,
				760E7EAC2060658B0025C825 /* MHPItemListNeededCell.swift */,
				760E7EAE2060659E0025C825 /* MHPItemListPledgedCell.swift */,
			);
			path = ItemList;
			sourceTree = "<group>";
		};
		764D1A5C20E4F87F0032D982 /* ItemCards */ = {
			isa = PBXGroup;
			children = (
				76723D31205FB219004940DE /* MHPItemCardPledgingViewController.swift */,
				76723D33205FB226004940DE /* MHPItemCardViewingViewController.swift */,
			);
			path = ItemCards;
			sourceTree = "<group>";
		};
		764D1A5D20E4F88D0032D982 /* GuestList */ = {
			isa = PBXGroup;
			children = (
				76723D35205FB23D004940DE /* MHPGuestListViewController.swift */,
				760E7EAA205FCC950025C825 /* MHPGuestListCell.swift */,
			);
			path = GuestList;
			sourceTree = "<group>";
		};
		764D1A5E20E4F8AF0032D982 /* CreateEvent3-Items */ = {
			isa = PBXGroup;
			children = (
				764D1A6120E4F9430032D982 /* MHPCreateEvent3ItemsViewController.swift */,
				76AD65D620F50C7000F349CF /* MHPRequestedItemsCell.swift */,
				76AD65DA20F54EC400F349CF /* MHPRequestedItemsCell.xib */,
				765986F720FA83F300F6A7B1 /* MHPModifyItemPopoverViewController.swift */,
				765986F520F932D900F6A7B1 /* MHPSuggestedItemInfoPopoverViewController.swift */,
			);
			path = "CreateEvent3-Items";
			sourceTree = "<group>";
		};
		764D1A5F20E4F8C10032D982 /* CreateEvent5-SaveAndSend */ = {
			isa = PBXGroup;
			children = (
				764D1A6520E4F96F0032D982 /* MHPCreateEvent5SaveAndSendViewController.swift */,
			);
			path = "CreateEvent5-SaveAndSend";
			sourceTree = "<group>";
		};
		764D1A6020E4F8C50032D982 /* CreateEvent4-Restrictions */ = {
			isa = PBXGroup;
			children = (
				764D1A6320E4F95C0032D982 /* MHPCreateEvent4RestrictionsViewController.swift */,
				76C6B949210936B8006F88AA /* MHPRestrictionTagCell.swift */,
				76C6B94A210936B8006F88AA /* MHPRestrictionTagCell.xib */,
				76C6B9472107CDB1006F88AA /* MHPRestrictionsDefinitionsPopoverViewController.swift */,
			);
			path = "CreateEvent4-Restrictions";
			sourceTree = "<group>";
		};
		765123AD2053538900E78488 = {
			isa = PBXGroup;
			children = (
				765123B82053538900E78488 /* Potluck */,
				765123D02053538900E78488 /* PotluckTests */,
				765123B72053538900E78488 /* Products */,
				6DCC531646FECF8A7C32F86D /* Pods */,
				CD09774CA765F74C58FDC86E /* Frameworks */,
			);
			sourceTree = "<group>";
		};
		765123B72053538900E78488 /* Products */ = {
			isa = PBXGroup;
			children = (
				765123B62053538900E78488 /* Potluck.app */,
				765123CD2053538900E78488 /* PotluckTests.xctest */,
			);
			name = Products;
			sourceTree = "<group>";
		};
		765123B82053538900E78488 /* Potluck */ = {
			isa = PBXGroup;
			children = (
				765123DC2053552A00E78488 /* Potluck.entitlements */,
				765123B92053538900E78488 /* AppDelegate.swift */,
				765123F720588DBB00E78488 /* Models */,
				7657F43420D2F15600C742C0 /* Networking */,
				765123E02055D7C200E78488 /* ViewControllers */,
				765123DF2055D7A200E78488 /* Storyboards */,
				76DF6B51205A298F00028B3B /* Supporting Files */,
				765123C32053538900E78488 /* Assets.xcassets */,
				765123C52053538900E78488 /* LaunchScreen.storyboard */,
				765123C82053538900E78488 /* Info.plist */,
				765123DD205355A800E78488 /* GoogleService-Info.plist */,
				765123C02053538900E78488 /* Potluck.xcdatamodeld */,
			);
			path = Potluck;
			sourceTree = "<group>";
		};
		765123D02053538900E78488 /* PotluckTests */ = {
			isa = PBXGroup;
			children = (
				7691722E20C0609D0092F6FE /* NetworkingTests */,
				765123D12053538900E78488 /* PotluckTests.swift */,
				765123D32053538900E78488 /* Info.plist */,
			);
			path = PotluckTests;
			sourceTree = "<group>";
		};
		765123DF2055D7A200E78488 /* Storyboards */ = {
			isa = PBXGroup;
			children = (
				765123BD2053538900E78488 /* Main.storyboard */,
				7657AC2F205CD34100FE7833 /* SignUpLogin.storyboard */,
				7657AC3D205CFF3200FE7833 /* ViewEvent.storyboard */,
				7657AC37205CFC8100FE7833 /* CreateEvent.storyboard */,
			);
			path = Storyboards;
			sourceTree = "<group>";
		};
		765123E02055D7C200E78488 /* ViewControllers */ = {
			isa = PBXGroup;
			children = (
				76DF6B6D205B338D00028B3B /* SignUpLoginControllers */,
				76DF6B6E205B33A400028B3B /* HomeScreenControllers */,
				76DF6B6F205B33B200028B3B /* ViewEventControllers */,
				76DF6B72205B33EF00028B3B /* CreateEventControllers */,
				76DF6B73205B340100028B3B /* OtherControllers */,
			);
			path = ViewControllers;
			sourceTree = "<group>";
		};
		765123F720588DBB00E78488 /* Models */ = {
			isa = PBXGroup;
			children = (
				761583D820ED2E11003825AD /* CNContact+TableViewCompatible.swift */,
				765123FE20588F8800E78488 /* MHPUser.swift */,
				765123F820588DF200E78488 /* MHPEvent.swift */,
				765123FA20588E1300E78488 /* MHPPledgedItem.swift */,
				76AD65D820F50D4900F349CF /* MHPRequestedItem.swift */,
				764D1A5720E4D5820032D982 /* MHPInvite.swift */,
				765123FC20588E2400E78488 /* MHPRsvp.swift */,
				765124042058932200E78488 /* MHPUserEventList.swift */,
				765124002058902000E78488 /* MHPEventPledgedItemList.swift */,
				765124022058903000E78488 /* MHPEventRsvpList.swift */,
				76C6B94D21093F7D006F88AA /* MHPEventRestriction.swift */,
			);
			path = Models;
			sourceTree = "<group>";
		};
		7657F43420D2F15600C742C0 /* Networking */ = {
			isa = PBXGroup;
			children = (
				764638D620D6EFB700C554A1 /* NetworkingEnums.swift */,
				7657F43520D2F18D00C742C0 /* MHPRequestHandler.swift */,
				764638D820D88B1B00C554A1 /* MHPServiceRouter.swift */,
				764638D420D6EF6D00C554A1 /* MHPDataManager.swift */,
				764638DA20D9C25C00C554A1 /* MHPParser.swift */,
			);
			path = Networking;
			sourceTree = "<group>";
		};
		7691722E20C0609D0092F6FE /* NetworkingTests */ = {
			isa = PBXGroup;
			children = (
				7691723320C061BA0092F6FE /* MHPFirestoreParserTests.swift */,
			);
			path = NetworkingTests;
			sourceTree = "<group>";
		};
		76DF6B51205A298F00028B3B /* Supporting Files */ = {
			isa = PBXGroup;
			children = (
				76D54A3620E8FD5500349763 /* DataTypeExtensions.swift */,
				767F637420B6F638007F3D10 /* UIColorExtensions.swift */,
				7657AC2D205CC52800FE7833 /* UIViewControllerExtensions.swift */,
				764D1A5520E4D0270032D982 /* UITableViewProtocols.swift */,
				76C6B951210BAE92006F88AA /* UIView+IBInspectable.swift */,
				76DF6B52205A29A600028B3B /* Fonts */,
			);
			path = "Supporting Files";
			sourceTree = "<group>";
		};
		76DF6B52205A29A600028B3B /* Fonts */ = {
			isa = PBXGroup;
			children = (
				76DF6B5A205A29BF00028B3B /* Roboto-Black.ttf */,
				76DF6B5D205A29C100028B3B /* Roboto-BlackItalic.ttf */,
				76DF6B56205A29BC00028B3B /* Roboto-Bold.ttf */,
				76DF6B59205A29BE00028B3B /* Roboto-BoldItalic.ttf */,
				76DF6B58205A29BE00028B3B /* Roboto-Italic.ttf */,
				76DF6B57205A29BD00028B3B /* Roboto-Light.ttf */,
				76DF6B54205A29BB00028B3B /* Roboto-LightItalic.ttf */,
				76DF6B5B205A29C000028B3B /* Roboto-Medium.ttf */,
				76DF6B5E205A29C200028B3B /* Roboto-MediumItalic.ttf */,
				76DF6B53205A29BA00028B3B /* Roboto-Regular.ttf */,
				76DF6B55205A29BC00028B3B /* Roboto-Thin.ttf */,
				76DF6B5C205A29C100028B3B /* Roboto-ThinItalic.ttf */,
			);
			path = Fonts;
			sourceTree = "<group>";
		};
		76DF6B6D205B338D00028B3B /* SignUpLoginControllers */ = {
			isa = PBXGroup;
			children = (
				76DF6B70205B33E700028B3B /* MHPSignUpLoginChoiceViewController.swift */,
				76DF6B78205B35BD00028B3B /* MHPPersonalInfoViewController.swift */,
				76DF6B7C205B35D000028B3B /* MHPConfirmationScreenViewController.swift */,
			);
			path = SignUpLoginControllers;
			sourceTree = "<group>";
		};
		76DF6B6E205B33A400028B3B /* HomeScreenControllers */ = {
			isa = PBXGroup;
			children = (
				765123E32055DDA400E78488 /* MHPHomeViewController.swift */,
				765123EF205745DF00E78488 /* MHPHomeCarouselViewCell.swift */,
				764D1A4B20DFCED20032D982 /* MHPCreateEventCell.swift */,
			);
			path = HomeScreenControllers;
			sourceTree = "<group>";
		};
		76DF6B6F205B33B200028B3B /* ViewEventControllers */ = {
			isa = PBXGroup;
			children = (
				765123EB2055DDFC00E78488 /* MHPEventViewController.swift */,
				764D1A5D20E4F88D0032D982 /* GuestList */,
				7657AC3F205D053B00FE7833 /* MHPRSVPViewController.swift */,
				764D1A5B20E4F8730032D982 /* ItemList */,
				764D1A5C20E4F87F0032D982 /* ItemCards */,
			);
			path = ViewEventControllers;
			sourceTree = "<group>";
		};
		76DF6B72205B33EF00028B3B /* CreateEventControllers */ = {
			isa = PBXGroup;
			children = (
				764D1A5920E4E9C20032D982 /* CreateEvent1-Details */,
				764D1A5A20E4E9D50032D982 /* CreateEvent2-Invites */,
				764D1A5E20E4F8AF0032D982 /* CreateEvent3-Items */,
				764D1A6020E4F8C50032D982 /* CreateEvent4-Restrictions */,
				764D1A5F20E4F8C10032D982 /* CreateEvent5-SaveAndSend */,
			);
			path = CreateEventControllers;
			sourceTree = "<group>";
		};
		76DF6B73205B340100028B3B /* OtherControllers */ = {
			isa = PBXGroup;
			children = (
				765123E52055DDB400E78488 /* MHPProfileViewController.swift */,
				765123E72055DDC100E78488 /* MHPSettingsViewController.swift */,
			);
			path = OtherControllers;
			sourceTree = "<group>";
		};
		CD09774CA765F74C58FDC86E /* Frameworks */ = {
			isa = PBXGroup;
			children = (
				95F83A198136024582EE233F /* Pods_Potluck.framework */,
				293B908DEC6B21F6727DE0AD /* Pods_PotluckTests.framework */,
			);
			name = Frameworks;
			sourceTree = "<group>";
		};
/* End PBXGroup section */

/* Begin PBXNativeTarget section */
		765123B52053538900E78488 /* Potluck */ = {
			isa = PBXNativeTarget;
			buildConfigurationList = 765123D62053538900E78488 /* Build configuration list for PBXNativeTarget "Potluck" */;
			buildPhases = (
				1C83D5AEF9F9F3ED2A30E531 /* [CP] Check Pods Manifest.lock */,
				765123B22053538900E78488 /* Sources */,
				765123B32053538900E78488 /* Frameworks */,
				765123B42053538900E78488 /* Resources */,
				EC77A9EBA69C0E47B7E3982F /* [CP] Embed Pods Frameworks */,
				FBA5433560C645507E1EE1A6 /* [CP] Copy Pods Resources */,
				762037FA24B2393D00DA1EC5 /* SwiftLint */,
			);
			buildRules = (
			);
			dependencies = (
			);
			name = Potluck;
			productName = Potluck;
			productReference = 765123B62053538900E78488 /* Potluck.app */;
			productType = "com.apple.product-type.application";
		};
		765123CC2053538900E78488 /* PotluckTests */ = {
			isa = PBXNativeTarget;
			buildConfigurationList = 765123D92053538900E78488 /* Build configuration list for PBXNativeTarget "PotluckTests" */;
			buildPhases = (
				203836C561C3048731CBF6B4 /* [CP] Check Pods Manifest.lock */,
				765123C92053538900E78488 /* Sources */,
				765123CA2053538900E78488 /* Frameworks */,
				765123CB2053538900E78488 /* Resources */,
				316C76BE40E3C4728481F092 /* [CP] Embed Pods Frameworks */,
				591666FE34FB8DFE897191E1 /* [CP] Copy Pods Resources */,
			);
			buildRules = (
			);
			dependencies = (
				765123CF2053538900E78488 /* PBXTargetDependency */,
			);
			name = PotluckTests;
			productName = PotluckTests;
			productReference = 765123CD2053538900E78488 /* PotluckTests.xctest */;
			productType = "com.apple.product-type.bundle.unit-test";
		};
/* End PBXNativeTarget section */

/* Begin PBXProject section */
		765123AE2053538900E78488 /* Project object */ = {
			isa = PBXProject;
			attributes = {
				LastSwiftUpdateCheck = 0920;
				LastUpgradeCheck = 0930;
				ORGANIZATIONNAME = "Many Hands Apps";
				TargetAttributes = {
					765123B52053538900E78488 = {
						CreatedOnToolsVersion = 9.2;
						LastSwiftMigration = 1150;
						ProvisioningStyle = Automatic;
						SystemCapabilities = {
							com.apple.Keychain = {
								enabled = 1;
							};
							com.apple.Push = {
								enabled = 1;
							};
							com.apple.SafariKeychain = {
								enabled = 1;
							};
						};
					};
					765123CC2053538900E78488 = {
						CreatedOnToolsVersion = 9.2;
						LastSwiftMigration = 1150;
						ProvisioningStyle = Automatic;
						TestTargetID = 765123B52053538900E78488;
					};
				};
			};
			buildConfigurationList = 765123B12053538900E78488 /* Build configuration list for PBXProject "Potluck" */;
			compatibilityVersion = "Xcode 8.0";
			developmentRegion = en;
			hasScannedForEncodings = 0;
			knownRegions = (
				en,
				Base,
			);
			mainGroup = 765123AD2053538900E78488;
			productRefGroup = 765123B72053538900E78488 /* Products */;
			projectDirPath = "";
			projectRoot = "";
			targets = (
				765123B52053538900E78488 /* Potluck */,
				765123CC2053538900E78488 /* PotluckTests */,
			);
		};
/* End PBXProject section */

/* Begin PBXResourcesBuildPhase section */
		765123B42053538900E78488 /* Resources */ = {
			isa = PBXResourcesBuildPhase;
			buildActionMask = 2147483647;
			files = (
				76DF6B67205A29C300028B3B /* Roboto-Medium.ttf in Resources */,
				7657AC38205CFC8100FE7833 /* CreateEvent.storyboard in Resources */,
				76DF6B61205A29C300028B3B /* Roboto-Thin.ttf in Resources */,
				76DF6B65205A29C300028B3B /* Roboto-BoldItalic.ttf in Resources */,
				765123C72053538900E78488 /* LaunchScreen.storyboard in Resources */,
				765123DE205355A800E78488 /* GoogleService-Info.plist in Resources */,
				76DF6B60205A29C300028B3B /* Roboto-LightItalic.ttf in Resources */,
				76DF6B5F205A29C300028B3B /* Roboto-Regular.ttf in Resources */,
				76DF6B69205A29C300028B3B /* Roboto-BlackItalic.ttf in Resources */,
				76C6B94C210936B8006F88AA /* MHPRestrictionTagCell.xib in Resources */,
				765123C42053538900E78488 /* Assets.xcassets in Resources */,
				761583D720EAAE04003825AD /* MHPContactsCell.xib in Resources */,
				7657AC30205CD34100FE7833 /* SignUpLogin.storyboard in Resources */,
				76DF6B62205A29C300028B3B /* Roboto-Bold.ttf in Resources */,
				7657AC3E205CFF3200FE7833 /* ViewEvent.storyboard in Resources */,
				76DF6B64205A29C300028B3B /* Roboto-Italic.ttf in Resources */,
				76D54A3520E6980C00349763 /* MHPCreateEventInvitesCell.xib in Resources */,
				76DF6B68205A29C300028B3B /* Roboto-ThinItalic.ttf in Resources */,
				76DF6B6A205A29C300028B3B /* Roboto-MediumItalic.ttf in Resources */,
				765123BF2053538900E78488 /* Main.storyboard in Resources */,
				76DF6B63205A29C300028B3B /* Roboto-Light.ttf in Resources */,
				76AD65DB20F54EC400F349CF /* MHPRequestedItemsCell.xib in Resources */,
				76DF6B66205A29C300028B3B /* Roboto-Black.ttf in Resources */,
			);
			runOnlyForDeploymentPostprocessing = 0;
		};
		765123CB2053538900E78488 /* Resources */ = {
			isa = PBXResourcesBuildPhase;
			buildActionMask = 2147483647;
			files = (
			);
			runOnlyForDeploymentPostprocessing = 0;
		};
/* End PBXResourcesBuildPhase section */

/* Begin PBXShellScriptBuildPhase section */
		1C83D5AEF9F9F3ED2A30E531 /* [CP] Check Pods Manifest.lock */ = {
			isa = PBXShellScriptBuildPhase;
			buildActionMask = 2147483647;
			files = (
			);
			inputPaths = (
				"${PODS_PODFILE_DIR_PATH}/Podfile.lock",
				"${PODS_ROOT}/Manifest.lock",
			);
			name = "[CP] Check Pods Manifest.lock";
			outputPaths = (
				"$(DERIVED_FILE_DIR)/Pods-Potluck-checkManifestLockResult.txt",
			);
			runOnlyForDeploymentPostprocessing = 0;
			shellPath = /bin/sh;
			shellScript = "diff \"${PODS_PODFILE_DIR_PATH}/Podfile.lock\" \"${PODS_ROOT}/Manifest.lock\" > /dev/null\nif [ $? != 0 ] ; then\n    # print error to STDERR\n    echo \"error: The sandbox is not in sync with the Podfile.lock. Run 'pod install' or update your CocoaPods installation.\" >&2\n    exit 1\nfi\n# This output is used by Xcode 'outputs' to avoid re-running this script phase.\necho \"SUCCESS\" > \"${SCRIPT_OUTPUT_FILE_0}\"\n";
			showEnvVarsInLog = 0;
		};
		203836C561C3048731CBF6B4 /* [CP] Check Pods Manifest.lock */ = {
			isa = PBXShellScriptBuildPhase;
			buildActionMask = 2147483647;
			files = (
			);
			inputPaths = (
				"${PODS_PODFILE_DIR_PATH}/Podfile.lock",
				"${PODS_ROOT}/Manifest.lock",
			);
			name = "[CP] Check Pods Manifest.lock";
			outputPaths = (
				"$(DERIVED_FILE_DIR)/Pods-PotluckTests-checkManifestLockResult.txt",
			);
			runOnlyForDeploymentPostprocessing = 0;
			shellPath = /bin/sh;
			shellScript = "diff \"${PODS_PODFILE_DIR_PATH}/Podfile.lock\" \"${PODS_ROOT}/Manifest.lock\" > /dev/null\nif [ $? != 0 ] ; then\n    # print error to STDERR\n    echo \"error: The sandbox is not in sync with the Podfile.lock. Run 'pod install' or update your CocoaPods installation.\" >&2\n    exit 1\nfi\n# This output is used by Xcode 'outputs' to avoid re-running this script phase.\necho \"SUCCESS\" > \"${SCRIPT_OUTPUT_FILE_0}\"\n";
			showEnvVarsInLog = 0;
		};
		316C76BE40E3C4728481F092 /* [CP] Embed Pods Frameworks */ = {
			isa = PBXShellScriptBuildPhase;
			buildActionMask = 2147483647;
			files = (
			);
			inputPaths = (
				"${PODS_ROOT}/Target Support Files/Pods-PotluckTests/Pods-PotluckTests-frameworks.sh",
				"${BUILT_PRODUCTS_DIR}/Bolts/Bolts.framework",
				"${BUILT_PRODUCTS_DIR}/BoringSSL/openssl.framework",
				"${BUILT_PRODUCTS_DIR}/FBSDKCoreKit/FBSDKCoreKit.framework",
				"${BUILT_PRODUCTS_DIR}/FBSDKLoginKit/FBSDKLoginKit.framework",
				"${BUILT_PRODUCTS_DIR}/GTMSessionFetcher/GTMSessionFetcher.framework",
				"${BUILT_PRODUCTS_DIR}/GoogleToolboxForMac/GoogleToolboxForMac.framework",
				"${BUILT_PRODUCTS_DIR}/Kingfisher/Kingfisher.framework",
				"${BUILT_PRODUCTS_DIR}/Protobuf/Protobuf.framework",
				"${BUILT_PRODUCTS_DIR}/SVProgressHUD/SVProgressHUD.framework",
				"${BUILT_PRODUCTS_DIR}/ScalingCarousel/ScalingCarousel.framework",
				"${BUILT_PRODUCTS_DIR}/gRPC/GRPCClient.framework",
				"${BUILT_PRODUCTS_DIR}/gRPC-Core/grpc.framework",
				"${BUILT_PRODUCTS_DIR}/gRPC-ProtoRPC/ProtoRPC.framework",
				"${BUILT_PRODUCTS_DIR}/gRPC-RxLibrary/RxLibrary.framework",
				"${BUILT_PRODUCTS_DIR}/leveldb-library/leveldb.framework",
				"${BUILT_PRODUCTS_DIR}/nanopb/nanopb.framework",
			);
			name = "[CP] Embed Pods Frameworks";
			outputPaths = (
				"${TARGET_BUILD_DIR}/${FRAMEWORKS_FOLDER_PATH}/Bolts.framework",
				"${TARGET_BUILD_DIR}/${FRAMEWORKS_FOLDER_PATH}/openssl.framework",
				"${TARGET_BUILD_DIR}/${FRAMEWORKS_FOLDER_PATH}/FBSDKCoreKit.framework",
				"${TARGET_BUILD_DIR}/${FRAMEWORKS_FOLDER_PATH}/FBSDKLoginKit.framework",
				"${TARGET_BUILD_DIR}/${FRAMEWORKS_FOLDER_PATH}/GTMSessionFetcher.framework",
				"${TARGET_BUILD_DIR}/${FRAMEWORKS_FOLDER_PATH}/GoogleToolboxForMac.framework",
				"${TARGET_BUILD_DIR}/${FRAMEWORKS_FOLDER_PATH}/Kingfisher.framework",
				"${TARGET_BUILD_DIR}/${FRAMEWORKS_FOLDER_PATH}/Protobuf.framework",
				"${TARGET_BUILD_DIR}/${FRAMEWORKS_FOLDER_PATH}/SVProgressHUD.framework",
				"${TARGET_BUILD_DIR}/${FRAMEWORKS_FOLDER_PATH}/ScalingCarousel.framework",
				"${TARGET_BUILD_DIR}/${FRAMEWORKS_FOLDER_PATH}/GRPCClient.framework",
				"${TARGET_BUILD_DIR}/${FRAMEWORKS_FOLDER_PATH}/grpc.framework",
				"${TARGET_BUILD_DIR}/${FRAMEWORKS_FOLDER_PATH}/ProtoRPC.framework",
				"${TARGET_BUILD_DIR}/${FRAMEWORKS_FOLDER_PATH}/RxLibrary.framework",
				"${TARGET_BUILD_DIR}/${FRAMEWORKS_FOLDER_PATH}/leveldb.framework",
				"${TARGET_BUILD_DIR}/${FRAMEWORKS_FOLDER_PATH}/nanopb.framework",
			);
			runOnlyForDeploymentPostprocessing = 0;
			shellPath = /bin/sh;
			shellScript = "\"${PODS_ROOT}/Target Support Files/Pods-PotluckTests/Pods-PotluckTests-frameworks.sh\"\n";
			showEnvVarsInLog = 0;
		};
		591666FE34FB8DFE897191E1 /* [CP] Copy Pods Resources */ = {
			isa = PBXShellScriptBuildPhase;
			buildActionMask = 2147483647;
			files = (
			);
			inputPaths = (
				"${PODS_ROOT}/Target Support Files/Pods-PotluckTests/Pods-PotluckTests-resources.sh",
				"${PODS_CONFIGURATION_BUILD_DIR}/FirebaseUI/FirebaseAuthUI.bundle",
				"${PODS_CONFIGURATION_BUILD_DIR}/FirebaseUI/FirebaseFacebookAuthUI.bundle",
				"${PODS_CONFIGURATION_BUILD_DIR}/FirebaseUI/FirebasePhoneAuthUI.bundle",
			);
			name = "[CP] Copy Pods Resources";
			outputPaths = (
				"${TARGET_BUILD_DIR}/${UNLOCALIZED_RESOURCES_FOLDER_PATH}/FirebaseAuthUI.bundle",
				"${TARGET_BUILD_DIR}/${UNLOCALIZED_RESOURCES_FOLDER_PATH}/FirebaseFacebookAuthUI.bundle",
				"${TARGET_BUILD_DIR}/${UNLOCALIZED_RESOURCES_FOLDER_PATH}/FirebasePhoneAuthUI.bundle",
			);
			runOnlyForDeploymentPostprocessing = 0;
			shellPath = /bin/sh;
			shellScript = "\"${PODS_ROOT}/Target Support Files/Pods-PotluckTests/Pods-PotluckTests-resources.sh\"\n";
			showEnvVarsInLog = 0;
		};
		762037FA24B2393D00DA1EC5 /* SwiftLint */ = {
			isa = PBXShellScriptBuildPhase;
			buildActionMask = 2147483647;
			files = (
			);
			inputFileListPaths = (
			);
			inputPaths = (
			);
			name = SwiftLint;
			outputFileListPaths = (
			);
			outputPaths = (
			);
			runOnlyForDeploymentPostprocessing = 0;
			shellPath = /bin/sh;
			shellScript = "\"${PODS_ROOT}/SwiftLint/swiftlint\"\n";
		};
		EC77A9EBA69C0E47B7E3982F /* [CP] Embed Pods Frameworks */ = {
			isa = PBXShellScriptBuildPhase;
			buildActionMask = 2147483647;
			files = (
			);
			inputPaths = (
				"${PODS_ROOT}/Target Support Files/Pods-Potluck/Pods-Potluck-frameworks.sh",
				"${BUILT_PRODUCTS_DIR}/Bolts/Bolts.framework",
				"${BUILT_PRODUCTS_DIR}/BoringSSL/openssl.framework",
				"${BUILT_PRODUCTS_DIR}/FBSDKCoreKit/FBSDKCoreKit.framework",
				"${BUILT_PRODUCTS_DIR}/FBSDKLoginKit/FBSDKLoginKit.framework",
				"${BUILT_PRODUCTS_DIR}/GTMSessionFetcher/GTMSessionFetcher.framework",
				"${BUILT_PRODUCTS_DIR}/GoogleToolboxForMac/GoogleToolboxForMac.framework",
				"${BUILT_PRODUCTS_DIR}/Kingfisher/Kingfisher.framework",
				"${BUILT_PRODUCTS_DIR}/Protobuf/Protobuf.framework",
				"${BUILT_PRODUCTS_DIR}/SVProgressHUD/SVProgressHUD.framework",
				"${BUILT_PRODUCTS_DIR}/ScalingCarousel/ScalingCarousel.framework",
				"${BUILT_PRODUCTS_DIR}/gRPC/GRPCClient.framework",
				"${BUILT_PRODUCTS_DIR}/gRPC-Core/grpc.framework",
				"${BUILT_PRODUCTS_DIR}/gRPC-ProtoRPC/ProtoRPC.framework",
				"${BUILT_PRODUCTS_DIR}/gRPC-RxLibrary/RxLibrary.framework",
				"${BUILT_PRODUCTS_DIR}/leveldb-library/leveldb.framework",
				"${BUILT_PRODUCTS_DIR}/nanopb/nanopb.framework",
			);
			name = "[CP] Embed Pods Frameworks";
			outputPaths = (
				"${TARGET_BUILD_DIR}/${FRAMEWORKS_FOLDER_PATH}/Bolts.framework",
				"${TARGET_BUILD_DIR}/${FRAMEWORKS_FOLDER_PATH}/openssl.framework",
				"${TARGET_BUILD_DIR}/${FRAMEWORKS_FOLDER_PATH}/FBSDKCoreKit.framework",
				"${TARGET_BUILD_DIR}/${FRAMEWORKS_FOLDER_PATH}/FBSDKLoginKit.framework",
				"${TARGET_BUILD_DIR}/${FRAMEWORKS_FOLDER_PATH}/GTMSessionFetcher.framework",
				"${TARGET_BUILD_DIR}/${FRAMEWORKS_FOLDER_PATH}/GoogleToolboxForMac.framework",
				"${TARGET_BUILD_DIR}/${FRAMEWORKS_FOLDER_PATH}/Kingfisher.framework",
				"${TARGET_BUILD_DIR}/${FRAMEWORKS_FOLDER_PATH}/Protobuf.framework",
				"${TARGET_BUILD_DIR}/${FRAMEWORKS_FOLDER_PATH}/SVProgressHUD.framework",
				"${TARGET_BUILD_DIR}/${FRAMEWORKS_FOLDER_PATH}/ScalingCarousel.framework",
				"${TARGET_BUILD_DIR}/${FRAMEWORKS_FOLDER_PATH}/GRPCClient.framework",
				"${TARGET_BUILD_DIR}/${FRAMEWORKS_FOLDER_PATH}/grpc.framework",
				"${TARGET_BUILD_DIR}/${FRAMEWORKS_FOLDER_PATH}/ProtoRPC.framework",
				"${TARGET_BUILD_DIR}/${FRAMEWORKS_FOLDER_PATH}/RxLibrary.framework",
				"${TARGET_BUILD_DIR}/${FRAMEWORKS_FOLDER_PATH}/leveldb.framework",
				"${TARGET_BUILD_DIR}/${FRAMEWORKS_FOLDER_PATH}/nanopb.framework",
			);
			runOnlyForDeploymentPostprocessing = 0;
			shellPath = /bin/sh;
			shellScript = "\"${PODS_ROOT}/Target Support Files/Pods-Potluck/Pods-Potluck-frameworks.sh\"\n";
			showEnvVarsInLog = 0;
		};
		FBA5433560C645507E1EE1A6 /* [CP] Copy Pods Resources */ = {
			isa = PBXShellScriptBuildPhase;
			buildActionMask = 2147483647;
			files = (
			);
			inputPaths = (
				"${PODS_ROOT}/Target Support Files/Pods-Potluck/Pods-Potluck-resources.sh",
				"${PODS_CONFIGURATION_BUILD_DIR}/FirebaseUI/FirebaseAuthUI.bundle",
				"${PODS_CONFIGURATION_BUILD_DIR}/FirebaseUI/FirebaseFacebookAuthUI.bundle",
				"${PODS_CONFIGURATION_BUILD_DIR}/FirebaseUI/FirebasePhoneAuthUI.bundle",
			);
			name = "[CP] Copy Pods Resources";
			outputPaths = (
				"${TARGET_BUILD_DIR}/${UNLOCALIZED_RESOURCES_FOLDER_PATH}/FirebaseAuthUI.bundle",
				"${TARGET_BUILD_DIR}/${UNLOCALIZED_RESOURCES_FOLDER_PATH}/FirebaseFacebookAuthUI.bundle",
				"${TARGET_BUILD_DIR}/${UNLOCALIZED_RESOURCES_FOLDER_PATH}/FirebasePhoneAuthUI.bundle",
			);
			runOnlyForDeploymentPostprocessing = 0;
			shellPath = /bin/sh;
			shellScript = "\"${PODS_ROOT}/Target Support Files/Pods-Potluck/Pods-Potluck-resources.sh\"\n";
			showEnvVarsInLog = 0;
		};
/* End PBXShellScriptBuildPhase section */

/* Begin PBXSourcesBuildPhase section */
		765123B22053538900E78488 /* Sources */ = {
			isa = PBXSourcesBuildPhase;
			buildActionMask = 2147483647;
			files = (
				765123FF20588F8800E78488 /* MHPUser.swift in Sources */,
				765986F820FA83F300F6A7B1 /* MHPModifyItemPopoverViewController.swift in Sources */,
				765123C22053538900E78488 /* Potluck.xcdatamodeld in Sources */,
				764D1A4E20E0D6E60032D982 /* MHPLocationSearchViewController.swift in Sources */,
				76AD65D720F50C7000F349CF /* MHPRequestedItemsCell.swift in Sources */,
				764D1A6620E4F96F0032D982 /* MHPCreateEvent5SaveAndSendViewController.swift in Sources */,
				767F637520B6F638007F3D10 /* UIColorExtensions.swift in Sources */,
				764638DB20D9C25C00C554A1 /* MHPParser.swift in Sources */,
				76C6B94E21093F7D006F88AA /* MHPEventRestriction.swift in Sources */,
				760E7EAB205FCC950025C825 /* MHPGuestListCell.swift in Sources */,
				76723D36205FB23D004940DE /* MHPGuestListViewController.swift in Sources */,
				764D1A5020E38D5F0032D982 /* MHPCreateEvent2InvitesViewController.swift in Sources */,
				760E7EAF2060659E0025C825 /* MHPItemListPledgedCell.swift in Sources */,
				765123BA2053538900E78488 /* AppDelegate.swift in Sources */,
				76AD65D920F50D4900F349CF /* MHPRequestedItem.swift in Sources */,
				76D54A3720E8FD5500349763 /* DataTypeExtensions.swift in Sources */,
				764D1A5620E4D0270032D982 /* UITableViewProtocols.swift in Sources */,
				764D1A5420E4CEF50032D982 /* MHPInviteEmptyStateCell.swift in Sources */,
				764638D920D88B1B00C554A1 /* MHPServiceRouter.swift in Sources */,
				7657AC40205D053B00FE7833 /* MHPRSVPViewController.swift in Sources */,
				765123EA2055DDEB00E78488 /* MHPCreateEvent1DetailsViewController.swift in Sources */,
				76723D38205FB246004940DE /* MHPItemListViewController.swift in Sources */,
				765123EC2055DDFC00E78488 /* MHPEventViewController.swift in Sources */,
				765123F920588DF200E78488 /* MHPEvent.swift in Sources */,
				76C6B94B210936B8006F88AA /* MHPRestrictionTagCell.swift in Sources */,
				76DF6B7D205B35D000028B3B /* MHPConfirmationScreenViewController.swift in Sources */,
				76723D32205FB219004940DE /* MHPItemCardPledgingViewController.swift in Sources */,
				765123E62055DDB400E78488 /* MHPProfileViewController.swift in Sources */,
				765123FB20588E1300E78488 /* MHPPledgedItem.swift in Sources */,
				76723D34205FB226004940DE /* MHPItemCardViewingViewController.swift in Sources */,
				765124012058902000E78488 /* MHPEventPledgedItemList.swift in Sources */,
				7657AC2E205CC52800FE7833 /* UIViewControllerExtensions.swift in Sources */,
				76DF6B71205B33E700028B3B /* MHPSignUpLoginChoiceViewController.swift in Sources */,
				761583D520EAADF0003825AD /* MHPContactsCell.swift in Sources */,
				765986F620F932D900F6A7B1 /* MHPSuggestedItemInfoPopoverViewController.swift in Sources */,
				764638D520D6EF6D00C554A1 /* MHPDataManager.swift in Sources */,
				76C6B9482107CDB1006F88AA /* MHPRestrictionsDefinitionsPopoverViewController.swift in Sources */,
				764D1A4C20DFCED20032D982 /* MHPCreateEventCell.swift in Sources */,
				76C6B952210BAE92006F88AA /* UIView+IBInspectable.swift in Sources */,
				765124032058903000E78488 /* MHPEventRsvpList.swift in Sources */,
				764D1A6420E4F95C0032D982 /* MHPCreateEvent4RestrictionsViewController.swift in Sources */,
				761583D920ED2E11003825AD /* CNContact+TableViewCompatible.swift in Sources */,
				76DF6B79205B35BD00028B3B /* MHPPersonalInfoViewController.swift in Sources */,
				764D1A6220E4F9430032D982 /* MHPCreateEvent3ItemsViewController.swift in Sources */,
				764D1A5820E4D5820032D982 /* MHPInvite.swift in Sources */,
				764638D720D6EFB700C554A1 /* NetworkingEnums.swift in Sources */,
				765124052058932200E78488 /* MHPUserEventList.swift in Sources */,
				764D1A5220E3B8FF0032D982 /* MHPCreateEventInvitesCell.swift in Sources */,
				765123FD20588E2400E78488 /* MHPRsvp.swift in Sources */,
				76D54A3120E51E2200349763 /* MHPInviteEmailOrPhoneViewController.swift in Sources */,
				760E7EAD2060658B0025C825 /* MHPItemListNeededCell.swift in Sources */,
				765123E42055DDA400E78488 /* MHPHomeViewController.swift in Sources */,
				765123E82055DDC100E78488 /* MHPSettingsViewController.swift in Sources */,
				7657F43620D2F18D00C742C0 /* MHPRequestHandler.swift in Sources */,
				761583D320EAA254003825AD /* MHPInviteContactsViewController.swift in Sources */,
				765123F0205745DF00E78488 /* MHPHomeCarouselViewCell.swift in Sources */,
			);
			runOnlyForDeploymentPostprocessing = 0;
		};
		765123C92053538900E78488 /* Sources */ = {
			isa = PBXSourcesBuildPhase;
			buildActionMask = 2147483647;
			files = (
				7691723420C061BA0092F6FE /* MHPFirestoreParserTests.swift in Sources */,
				765123D22053538900E78488 /* PotluckTests.swift in Sources */,
			);
			runOnlyForDeploymentPostprocessing = 0;
		};
/* End PBXSourcesBuildPhase section */

/* Begin PBXTargetDependency section */
		765123CF2053538900E78488 /* PBXTargetDependency */ = {
			isa = PBXTargetDependency;
			target = 765123B52053538900E78488 /* Potluck */;
			targetProxy = 765123CE2053538900E78488 /* PBXContainerItemProxy */;
		};
/* End PBXTargetDependency section */

/* Begin PBXVariantGroup section */
		765123BD2053538900E78488 /* Main.storyboard */ = {
			isa = PBXVariantGroup;
			children = (
				765123BE2053538900E78488 /* Base */,
			);
			name = Main.storyboard;
			sourceTree = "<group>";
		};
		765123C52053538900E78488 /* LaunchScreen.storyboard */ = {
			isa = PBXVariantGroup;
			children = (
				765123C62053538900E78488 /* Base */,
			);
			name = LaunchScreen.storyboard;
			sourceTree = "<group>";
		};
/* End PBXVariantGroup section */

/* Begin XCBuildConfiguration section */
		765123D42053538900E78488 /* Debug */ = {
			isa = XCBuildConfiguration;
			buildSettings = {
				ALWAYS_SEARCH_USER_PATHS = NO;
				CLANG_ANALYZER_NONNULL = YES;
				CLANG_ANALYZER_NUMBER_OBJECT_CONVERSION = YES_AGGRESSIVE;
				CLANG_CXX_LANGUAGE_STANDARD = "gnu++14";
				CLANG_CXX_LIBRARY = "libc++";
				CLANG_ENABLE_MODULES = YES;
				CLANG_ENABLE_OBJC_ARC = YES;
				CLANG_WARN_BLOCK_CAPTURE_AUTORELEASING = YES;
				CLANG_WARN_BOOL_CONVERSION = YES;
				CLANG_WARN_COMMA = YES;
				CLANG_WARN_CONSTANT_CONVERSION = YES;
				CLANG_WARN_DEPRECATED_OBJC_IMPLEMENTATIONS = YES;
				CLANG_WARN_DIRECT_OBJC_ISA_USAGE = YES_ERROR;
				CLANG_WARN_DOCUMENTATION_COMMENTS = YES;
				CLANG_WARN_EMPTY_BODY = YES;
				CLANG_WARN_ENUM_CONVERSION = YES;
				CLANG_WARN_INFINITE_RECURSION = YES;
				CLANG_WARN_INT_CONVERSION = YES;
				CLANG_WARN_NON_LITERAL_NULL_CONVERSION = YES;
				CLANG_WARN_OBJC_IMPLICIT_RETAIN_SELF = YES;
				CLANG_WARN_OBJC_LITERAL_CONVERSION = YES;
				CLANG_WARN_OBJC_ROOT_CLASS = YES_ERROR;
				CLANG_WARN_RANGE_LOOP_ANALYSIS = YES;
				CLANG_WARN_STRICT_PROTOTYPES = YES;
				CLANG_WARN_SUSPICIOUS_MOVE = YES;
				CLANG_WARN_UNGUARDED_AVAILABILITY = YES_AGGRESSIVE;
				CLANG_WARN_UNREACHABLE_CODE = YES;
				CLANG_WARN__DUPLICATE_METHOD_MATCH = YES;
				CODE_SIGN_IDENTITY = "iPhone Developer";
				COPY_PHASE_STRIP = NO;
				DEBUG_INFORMATION_FORMAT = dwarf;
				ENABLE_STRICT_OBJC_MSGSEND = YES;
				ENABLE_TESTABILITY = YES;
				GCC_C_LANGUAGE_STANDARD = gnu11;
				GCC_DYNAMIC_NO_PIC = NO;
				GCC_NO_COMMON_BLOCKS = YES;
				GCC_OPTIMIZATION_LEVEL = 0;
				GCC_PREPROCESSOR_DEFINITIONS = (
					"DEBUG=1",
					"$(inherited)",
				);
				GCC_WARN_64_TO_32_BIT_CONVERSION = YES;
				GCC_WARN_ABOUT_RETURN_TYPE = YES_ERROR;
				GCC_WARN_UNDECLARED_SELECTOR = YES;
				GCC_WARN_UNINITIALIZED_AUTOS = YES_AGGRESSIVE;
				GCC_WARN_UNUSED_FUNCTION = YES;
				GCC_WARN_UNUSED_VARIABLE = YES;
				IPHONEOS_DEPLOYMENT_TARGET = 11.2;
				MTL_ENABLE_DEBUG_INFO = YES;
				ONLY_ACTIVE_ARCH = YES;
				SDKROOT = iphoneos;
				SWIFT_ACTIVE_COMPILATION_CONDITIONS = DEBUG;
				SWIFT_OPTIMIZATION_LEVEL = "-Onone";
			};
			name = Debug;
		};
		765123D52053538900E78488 /* Release */ = {
			isa = XCBuildConfiguration;
			buildSettings = {
				ALWAYS_SEARCH_USER_PATHS = NO;
				CLANG_ANALYZER_NONNULL = YES;
				CLANG_ANALYZER_NUMBER_OBJECT_CONVERSION = YES_AGGRESSIVE;
				CLANG_CXX_LANGUAGE_STANDARD = "gnu++14";
				CLANG_CXX_LIBRARY = "libc++";
				CLANG_ENABLE_MODULES = YES;
				CLANG_ENABLE_OBJC_ARC = YES;
				CLANG_WARN_BLOCK_CAPTURE_AUTORELEASING = YES;
				CLANG_WARN_BOOL_CONVERSION = YES;
				CLANG_WARN_COMMA = YES;
				CLANG_WARN_CONSTANT_CONVERSION = YES;
				CLANG_WARN_DEPRECATED_OBJC_IMPLEMENTATIONS = YES;
				CLANG_WARN_DIRECT_OBJC_ISA_USAGE = YES_ERROR;
				CLANG_WARN_DOCUMENTATION_COMMENTS = YES;
				CLANG_WARN_EMPTY_BODY = YES;
				CLANG_WARN_ENUM_CONVERSION = YES;
				CLANG_WARN_INFINITE_RECURSION = YES;
				CLANG_WARN_INT_CONVERSION = YES;
				CLANG_WARN_NON_LITERAL_NULL_CONVERSION = YES;
				CLANG_WARN_OBJC_IMPLICIT_RETAIN_SELF = YES;
				CLANG_WARN_OBJC_LITERAL_CONVERSION = YES;
				CLANG_WARN_OBJC_ROOT_CLASS = YES_ERROR;
				CLANG_WARN_RANGE_LOOP_ANALYSIS = YES;
				CLANG_WARN_STRICT_PROTOTYPES = YES;
				CLANG_WARN_SUSPICIOUS_MOVE = YES;
				CLANG_WARN_UNGUARDED_AVAILABILITY = YES_AGGRESSIVE;
				CLANG_WARN_UNREACHABLE_CODE = YES;
				CLANG_WARN__DUPLICATE_METHOD_MATCH = YES;
				CODE_SIGN_IDENTITY = "iPhone Developer";
				COPY_PHASE_STRIP = NO;
				DEBUG_INFORMATION_FORMAT = "dwarf-with-dsym";
				ENABLE_NS_ASSERTIONS = NO;
				ENABLE_STRICT_OBJC_MSGSEND = YES;
				GCC_C_LANGUAGE_STANDARD = gnu11;
				GCC_NO_COMMON_BLOCKS = YES;
				GCC_WARN_64_TO_32_BIT_CONVERSION = YES;
				GCC_WARN_ABOUT_RETURN_TYPE = YES_ERROR;
				GCC_WARN_UNDECLARED_SELECTOR = YES;
				GCC_WARN_UNINITIALIZED_AUTOS = YES_AGGRESSIVE;
				GCC_WARN_UNUSED_FUNCTION = YES;
				GCC_WARN_UNUSED_VARIABLE = YES;
				IPHONEOS_DEPLOYMENT_TARGET = 11.2;
				MTL_ENABLE_DEBUG_INFO = NO;
				SDKROOT = iphoneos;
				SWIFT_OPTIMIZATION_LEVEL = "-Owholemodule";
				VALIDATE_PRODUCT = YES;
			};
			name = Release;
		};
		765123D72053538900E78488 /* Debug */ = {
			isa = XCBuildConfiguration;
			baseConfigurationReference = F8CA402038BFF63EF4C379DF /* Pods-Potluck.debug.xcconfig */;
			buildSettings = {
				ASSETCATALOG_COMPILER_APPICON_NAME = AppIcon;
				CODE_SIGN_ENTITLEMENTS = Potluck/Potluck.entitlements;
				CODE_SIGN_STYLE = Automatic;
				DEVELOPMENT_TEAM = B76T74698A;
				INFOPLIST_FILE = Potluck/Info.plist;
				LD_RUNPATH_SEARCH_PATHS = "$(inherited) @executable_path/Frameworks";
				PRODUCT_BUNDLE_IDENTIFIER = com.manyhandsapp.Potluck;
				PRODUCT_NAME = "$(TARGET_NAME)";
				SWIFT_VERSION = 5.0;
				TARGETED_DEVICE_FAMILY = "1,2";
			};
			name = Debug;
		};
		765123D82053538900E78488 /* Release */ = {
			isa = XCBuildConfiguration;
			baseConfigurationReference = A84138F347E4C4E3E274216C /* Pods-Potluck.release.xcconfig */;
			buildSettings = {
				ASSETCATALOG_COMPILER_APPICON_NAME = AppIcon;
				CODE_SIGN_ENTITLEMENTS = Potluck/Potluck.entitlements;
				CODE_SIGN_STYLE = Automatic;
				DEVELOPMENT_TEAM = B76T74698A;
				INFOPLIST_FILE = Potluck/Info.plist;
				LD_RUNPATH_SEARCH_PATHS = "$(inherited) @executable_path/Frameworks";
				PRODUCT_BUNDLE_IDENTIFIER = com.manyhandsapp.Potluck;
				PRODUCT_NAME = "$(TARGET_NAME)";
				SWIFT_VERSION = 5.0;
				TARGETED_DEVICE_FAMILY = "1,2";
			};
			name = Release;
		};
		765123DA2053538900E78488 /* Debug */ = {
			isa = XCBuildConfiguration;
			baseConfigurationReference = 5D36E773934847B70A318A7C /* Pods-PotluckTests.debug.xcconfig */;
			buildSettings = {
				BUNDLE_LOADER = "$(TEST_HOST)";
				CODE_SIGN_STYLE = Automatic;
				DEVELOPMENT_TEAM = B76T74698A;
				INFOPLIST_FILE = PotluckTests/Info.plist;
				LD_RUNPATH_SEARCH_PATHS = "$(inherited) @executable_path/Frameworks @loader_path/Frameworks";
				PRODUCT_BUNDLE_IDENTIFIER = com.manyhandsapp.PotluckTests;
				PRODUCT_NAME = "$(TARGET_NAME)";
				SWIFT_VERSION = 5.0;
				TARGETED_DEVICE_FAMILY = "1,2";
				TEST_HOST = "$(BUILT_PRODUCTS_DIR)/Potluck.app/Potluck";
			};
			name = Debug;
		};
		765123DB2053538900E78488 /* Release */ = {
			isa = XCBuildConfiguration;
			baseConfigurationReference = 422129C2E6E9BD54DA154C64 /* Pods-PotluckTests.release.xcconfig */;
			buildSettings = {
				BUNDLE_LOADER = "$(TEST_HOST)";
				CODE_SIGN_STYLE = Automatic;
				DEVELOPMENT_TEAM = B76T74698A;
				INFOPLIST_FILE = PotluckTests/Info.plist;
				LD_RUNPATH_SEARCH_PATHS = "$(inherited) @executable_path/Frameworks @loader_path/Frameworks";
				PRODUCT_BUNDLE_IDENTIFIER = com.manyhandsapp.PotluckTests;
				PRODUCT_NAME = "$(TARGET_NAME)";
				SWIFT_VERSION = 5.0;
				TARGETED_DEVICE_FAMILY = "1,2";
				TEST_HOST = "$(BUILT_PRODUCTS_DIR)/Potluck.app/Potluck";
			};
			name = Release;
		};
/* End XCBuildConfiguration section */

/* Begin XCConfigurationList section */
		765123B12053538900E78488 /* Build configuration list for PBXProject "Potluck" */ = {
			isa = XCConfigurationList;
			buildConfigurations = (
				765123D42053538900E78488 /* Debug */,
				765123D52053538900E78488 /* Release */,
			);
			defaultConfigurationIsVisible = 0;
			defaultConfigurationName = Release;
		};
		765123D62053538900E78488 /* Build configuration list for PBXNativeTarget "Potluck" */ = {
			isa = XCConfigurationList;
			buildConfigurations = (
				765123D72053538900E78488 /* Debug */,
				765123D82053538900E78488 /* Release */,
			);
			defaultConfigurationIsVisible = 0;
			defaultConfigurationName = Release;
		};
		765123D92053538900E78488 /* Build configuration list for PBXNativeTarget "PotluckTests" */ = {
			isa = XCConfigurationList;
			buildConfigurations = (
				765123DA2053538900E78488 /* Debug */,
				765123DB2053538900E78488 /* Release */,
			);
			defaultConfigurationIsVisible = 0;
			defaultConfigurationName = Release;
		};
/* End XCConfigurationList section */

/* Begin XCVersionGroup section */
		765123C02053538900E78488 /* Potluck.xcdatamodeld */ = {
			isa = XCVersionGroup;
			children = (
				765123C12053538900E78488 /* Potluck.xcdatamodel */,
			);
			currentVersion = 765123C12053538900E78488 /* Potluck.xcdatamodel */;
			path = Potluck.xcdatamodeld;
			sourceTree = "<group>";
			versionGroupType = wrapper.xcdatamodel;
		};
/* End XCVersionGroup section */
	};
	rootObject = 765123AE2053538900E78488 /* Project object */;
}
